
Microsoft Visual Studio Solution File, Format Version 12.00
# Visual Studio Version 17
VisualStudioVersion = 17.9.34902.65
MinimumVisualStudioVersion = 10.0.40219.1
Project("{2150E333-8FDC-42A3-9474-1A3956D46DE8}") = "Services", "Services", "{F02B8719-EDEF-4921-9586-20D8BB2E63EB}"
EndProject
Project("{2150E333-8FDC-42A3-9474-1A3956D46DE8}") = "Catalog", "Catalog", "{E6E785D6-8163-4796-B368-140FF9B86715}"
EndProject
Project("{9A19103F-16F7-4668-BE54-9A1E7A4F7556}") = "Catalog", "Services\Catalog\Catalog\Catalog.csproj", "{FACA7E42-1051-45D4-954A-5B73BB90EE7E}"
EndProject
Project("{2150E333-8FDC-42A3-9474-1A3956D46DE8}") = "Order", "Order", "{EB1116D9-B6F8-4428-A076-647A68518FBB}"
EndProject
Project("{2150E333-8FDC-42A3-9474-1A3956D46DE8}") = "Core", "Core", "{424F4A3D-BA3A-4D62-8EA4-6E4043EA3240}"
EndProject
Project("{2150E333-8FDC-42A3-9474-1A3956D46DE8}") = "Infrastructure", "Infrastructure", "{D36CBF37-A36A-4E5A-AD0A-9FD547714F5A}"
EndProject
Project("{2150E333-8FDC-42A3-9474-1A3956D46DE8}") = "Presentation", "Presentation", "{24A73312-97DB-4321-AEF2-32896483AB45}"
EndProject
Project("{9A19103F-16F7-4668-BE54-9A1E7A4F7556}") = "Order.WebApi", "Services\Order\Presentation\Order.WebApi\Order.WebApi.csproj", "{6F591CBC-544A-4D0D-9AF8-A311327F6DF0}"
EndProject
Project("{9A19103F-16F7-4668-BE54-9A1E7A4F7556}") = "Order.Application", "Services\Order\Core\Order.Application\Order.Application.csproj", "{C9B7E515-7C4E-4466-BC41-047195098330}"
EndProject
Project("{9A19103F-16F7-4668-BE54-9A1E7A4F7556}") = "Order.Domain", "Services\Order\Core\Order.Domain\Order.Domain.csproj", "{11567AA8-3707-4654-97CC-DBB9166D1BA3}"
EndProject
Project("{9A19103F-16F7-4668-BE54-9A1E7A4F7556}") = "Order.Persistence", "Services\Order\Infrastructure\Order.Persistence\Order.Persistence.csproj", "{8DE35C94-1058-4217-BE9F-4011707DF4F4}"
EndProject
Project("{2150E333-8FDC-42A3-9474-1A3956D46DE8}") = "Çözüm Öğeleri", "Çözüm Öğeleri", "{7DDF8613-9D1C-47A6-99D9-FD692F7C3C6B}"
	ProjectSection(SolutionItems) = preProject
		my-notes.txt = my-notes.txt
		PortNumbers.txt = PortNumbers.txt
	EndProjectSection
EndProject
Project("{2150E333-8FDC-42A3-9474-1A3956D46DE8}") = "IdentityServer", "IdentityServer", "{FF247B11-C0EE-4EF3-BCBE-A35225F56F22}"
EndProject
Project("{9A19103F-16F7-4668-BE54-9A1E7A4F7556}") = "IdentityServer", "IdentityServer\IdentityServer\IdentityServer.csproj", "{87C355D0-E6C1-4318-AAED-84D03C1E4E97}"
EndProject
Project("{2150E333-8FDC-42A3-9474-1A3956D46DE8}") = "Requirements", "Requirements", "{426E09B3-0311-44B7-B98E-6EA6767FB528}"
EndProject
Project("{2150E333-8FDC-42A3-9474-1A3956D46DE8}") = "IdentityServer-Postman", "IdentityServer-Postman", "{34184E54-156B-4A13-BF00-D8FCFF3A90B2}"
	ProjectSection(SolutionItems) = preProject
		..\..\..\Desktop\postman get token.png = ..\..\..\Desktop\postman get token.png
		PostmanISRequests.txt = PostmanISRequests.txt
	EndProjectSection
EndProject
Project("{2150E333-8FDC-42A3-9474-1A3956D46DE8}") = "Order-Postman", "Order-Postman", "{308EB46D-54C3-402E-9CA2-7BA2E1840D41}"
	ProjectSection(SolutionItems) = preProject
		PostmanOrderRequest.txt = PostmanOrderRequest.txt
	EndProjectSection
EndProject
Global
	GlobalSection(SolutionConfigurationPlatforms) = preSolution
		Debug|Any CPU = Debug|Any CPU
		Release|Any CPU = Release|Any CPU
	EndGlobalSection
	GlobalSection(ProjectConfigurationPlatforms) = postSolution
		{FACA7E42-1051-45D4-954A-5B73BB90EE7E}.Debug|Any CPU.ActiveCfg = Debug|Any CPU
		{FACA7E42-1051-45D4-954A-5B73BB90EE7E}.Debug|Any CPU.Build.0 = Debug|Any CPU
		{FACA7E42-1051-45D4-954A-5B73BB90EE7E}.Release|Any CPU.ActiveCfg = Release|Any CPU
		{FACA7E42-1051-45D4-954A-5B73BB90EE7E}.Release|Any CPU.Build.0 = Release|Any CPU
		{6F591CBC-544A-4D0D-9AF8-A311327F6DF0}.Debug|Any CPU.ActiveCfg = Debug|Any CPU
		{6F591CBC-544A-4D0D-9AF8-A311327F6DF0}.Debug|Any CPU.Build.0 = Debug|Any CPU
		{6F591CBC-544A-4D0D-9AF8-A311327F6DF0}.Release|Any CPU.ActiveCfg = Release|Any CPU
		{6F591CBC-544A-4D0D-9AF8-A311327F6DF0}.Release|Any CPU.Build.0 = Release|Any CPU
		{C9B7E515-7C4E-4466-BC41-047195098330}.Debug|Any CPU.ActiveCfg = Debug|Any CPU
		{C9B7E515-7C4E-4466-BC41-047195098330}.Debug|Any CPU.Build.0 = Debug|Any CPU
		{C9B7E515-7C4E-4466-BC41-047195098330}.Release|Any CPU.ActiveCfg = Release|Any CPU
		{C9B7E515-7C4E-4466-BC41-047195098330}.Release|Any CPU.Build.0 = Release|Any CPU
		{11567AA8-3707-4654-97CC-DBB9166D1BA3}.Debug|Any CPU.ActiveCfg = Debug|Any CPU
		{11567AA8-3707-4654-97CC-DBB9166D1BA3}.Debug|Any CPU.Build.0 = Debug|Any CPU
		{11567AA8-3707-4654-97CC-DBB9166D1BA3}.Release|Any CPU.ActiveCfg = Release|Any CPU
		{11567AA8-3707-4654-97CC-DBB9166D1BA3}.Release|Any CPU.Build.0 = Release|Any CPU
		{8DE35C94-1058-4217-BE9F-4011707DF4F4}.Debug|Any CPU.ActiveCfg = Debug|Any CPU
		{8DE35C94-1058-4217-BE9F-4011707DF4F4}.Debug|Any CPU.Build.0 = Debug|Any CPU
		{8DE35C94-1058-4217-BE9F-4011707DF4F4}.Release|Any CPU.ActiveCfg = Release|Any CPU
		{8DE35C94-1058-4217-BE9F-4011707DF4F4}.Release|Any CPU.Build.0 = Release|Any CPU
		{87C355D0-E6C1-4318-AAED-84D03C1E4E97}.Debug|Any CPU.ActiveCfg = Debug|Any CPU
		{87C355D0-E6C1-4318-AAED-84D03C1E4E97}.Debug|Any CPU.Build.0 = Debug|Any CPU
		{87C355D0-E6C1-4318-AAED-84D03C1E4E97}.Release|Any CPU.ActiveCfg = Release|Any CPU
		{87C355D0-E6C1-4318-AAED-84D03C1E4E97}.Release|Any CPU.Build.0 = Release|Any CPU
	EndGlobalSection
	GlobalSection(SolutionProperties) = preSolution
		HideSolutionNode = FALSE
	EndGlobalSection
	GlobalSection(NestedProjects) = preSolution
		{E6E785D6-8163-4796-B368-140FF9B86715} = {F02B8719-EDEF-4921-9586-20D8BB2E63EB}
		{FACA7E42-1051-45D4-954A-5B73BB90EE7E} = {E6E785D6-8163-4796-B368-140FF9B86715}
		{EB1116D9-B6F8-4428-A076-647A68518FBB} = {F02B8719-EDEF-4921-9586-20D8BB2E63EB}
		{424F4A3D-BA3A-4D62-8EA4-6E4043EA3240} = {EB1116D9-B6F8-4428-A076-647A68518FBB}
		{D36CBF37-A36A-4E5A-AD0A-9FD547714F5A} = {EB1116D9-B6F8-4428-A076-647A68518FBB}
		{24A73312-97DB-4321-AEF2-32896483AB45} = {EB1116D9-B6F8-4428-A076-647A68518FBB}
		{6F591CBC-544A-4D0D-9AF8-A311327F6DF0} = {24A73312-97DB-4321-AEF2-32896483AB45}
		{C9B7E515-7C4E-4466-BC41-047195098330} = {424F4A3D-BA3A-4D62-8EA4-6E4043EA3240}
		{11567AA8-3707-4654-97CC-DBB9166D1BA3} = {424F4A3D-BA3A-4D62-8EA4-6E4043EA3240}
		{8DE35C94-1058-4217-BE9F-4011707DF4F4} = {D36CBF37-A36A-4E5A-AD0A-9FD547714F5A}
		{87C355D0-E6C1-4318-AAED-84D03C1E4E97} = {FF247B11-C0EE-4EF3-BCBE-A35225F56F22}
		{34184E54-156B-4A13-BF00-D8FCFF3A90B2} = {7DDF8613-9D1C-47A6-99D9-FD692F7C3C6B}
		{308EB46D-54C3-402E-9CA2-7BA2E1840D41} = {7DDF8613-9D1C-47A6-99D9-FD692F7C3C6B}
	EndGlobalSection
	GlobalSection(ExtensibilityGlobals) = postSolution
		SolutionGuid = {23D24AAB-4BA7-4B2A-B392-D903F08EE7FA}
	EndGlobalSection
EndGlobal
